{
  "name": "my-app",
  "version": "1.0.0",
  "lockfileVersion": 1,
  "requires": true,
  "dependencies": {
    "@savio-santos-dev/fluentsql": {
      "version": "1.0.1",
      "resolved": "https://registry.npmjs.org/@savio-santos-dev/fluentsql/-/fluentsql-1.0.1.tgz",
      "integrity": "sha512-OnUwGnw/Ldt0oz7zFCf7JJyRogW5YUwrvdTRuK9/9d4fRdGytKo2t8CvLK7uIiP6avWqJevgSO0OVEzAGCGECQ=="
    }
  }
}
